// !$*UTF8*$!
{
	archiveVersion = 1;
	classes = {
	};
	objectVersion = 46;
	objects = {

/* Begin PBXBuildFile section */
		0819312B03C725C9B504EE33 /* Pods_RainMaker.framework in Frameworks */ = {isa = PBXBuildFile; fileRef = 77FD1B2542E9BACBCB95325A /* Pods_RainMaker.framework */; };
		A6025DC61DFDC2E600B177FB /* MapKit.framework in Frameworks */ = {isa = PBXBuildFile; fileRef = A6025DC51DFDC2E600B177FB /* MapKit.framework */; };
		A6025DC81DFDC41100B177FB /* MapViewController.swift in Sources */ = {isa = PBXBuildFile; fileRef = A6025DC71DFDC41100B177FB /* MapViewController.swift */; };
		A664AEE31DD6D8C20094FB53 /* ViewControllerActions.swift in Sources */ = {isa = PBXBuildFile; fileRef = A664AEE21DD6D8C20094FB53 /* ViewControllerActions.swift */; };
		A6D146D71DD5336800B8813C /* ViewController2.swift in Sources */ = {isa = PBXBuildFile; fileRef = A6D146D61DD5336800B8813C /* ViewController2.swift */; };
		A6D146D91DD539F700B8813C /* Device.swift in Sources */ = {isa = PBXBuildFile; fileRef = A6D146D81DD539F700B8813C /* Device.swift */; };
		A6F7C7761DCD60B600EE602A /* AppDelegate.swift in Sources */ = {isa = PBXBuildFile; fileRef = A6F7C7751DCD60B600EE602A /* AppDelegate.swift */; };
		A6F7C7781DCD60B600EE602A /* ViewController.swift in Sources */ = {isa = PBXBuildFile; fileRef = A6F7C7771DCD60B600EE602A /* ViewController.swift */; };
		A6F7C77B1DCD60B600EE602A /* Main.storyboard in Resources */ = {isa = PBXBuildFile; fileRef = A6F7C7791DCD60B600EE602A /* Main.storyboard */; };
		A6F7C77D1DCD60B600EE602A /* Assets.xcassets in Resources */ = {isa = PBXBuildFile; fileRef = A6F7C77C1DCD60B600EE602A /* Assets.xcassets */; };
		A6F7C7801DCD60B600EE602A /* LaunchScreen.storyboard in Resources */ = {isa = PBXBuildFile; fileRef = A6F7C77E1DCD60B600EE602A /* LaunchScreen.storyboard */; };
		C88B1A561E6B860500CC2C2C /* CellView.swift in Sources */ = {isa = PBXBuildFile; fileRef = C88B1A531E6B860500CC2C2C /* CellView.swift */; };
		C88B1A571E6B860500CC2C2C /* CellView.xib in Resources */ = {isa = PBXBuildFile; fileRef = C88B1A541E6B860500CC2C2C /* CellView.xib */; };
		C88B1A581E6B860500CC2C2C /* CalendarViewController.swift in Sources */ = {isa = PBXBuildFile; fileRef = C88B1A551E6B860500CC2C2C /* CalendarViewController.swift */; };
/* End PBXBuildFile section */

/* Begin PBXFileReference section */
		77FD1B2542E9BACBCB95325A /* Pods_RainMaker.framework */ = {isa = PBXFileReference; explicitFileType = wrapper.framework; includeInIndex = 0; path = Pods_RainMaker.framework; sourceTree = BUILT_PRODUCTS_DIR; };
		A6025DC51DFDC2E600B177FB /* MapKit.framework */ = {isa = PBXFileReference; lastKnownFileType = wrapper.framework; name = MapKit.framework; path = System/Library/Frameworks/MapKit.framework; sourceTree = SDKROOT; };
		A6025DC71DFDC41100B177FB /* MapViewController.swift */ = {isa = PBXFileReference; fileEncoding = 4; lastKnownFileType = sourcecode.swift; path = MapViewController.swift; sourceTree = "<group>"; };
		A664AEE21DD6D8C20094FB53 /* ViewControllerActions.swift */ = {isa = PBXFileReference; fileEncoding = 4; lastKnownFileType = sourcecode.swift; path = ViewControllerActions.swift; sourceTree = "<group>"; };
		A6D146D61DD5336800B8813C /* ViewController2.swift */ = {isa = PBXFileReference; fileEncoding = 4; lastKnownFileType = sourcecode.swift; path = ViewController2.swift; sourceTree = "<group>"; };
		A6D146D81DD539F700B8813C /* Device.swift */ = {isa = PBXFileReference; fileEncoding = 4; lastKnownFileType = sourcecode.swift; path = Device.swift; sourceTree = "<group>"; };
		A6F7C7721DCD60B600EE602A /* RainMaker.app */ = {isa = PBXFileReference; explicitFileType = wrapper.application; includeInIndex = 0; path = RainMaker.app; sourceTree = BUILT_PRODUCTS_DIR; };
		A6F7C7751DCD60B600EE602A /* AppDelegate.swift */ = {isa = PBXFileReference; lastKnownFileType = sourcecode.swift; path = AppDelegate.swift; sourceTree = "<group>"; };
		A6F7C7771DCD60B600EE602A /* ViewController.swift */ = {isa = PBXFileReference; lastKnownFileType = sourcecode.swift; path = ViewController.swift; sourceTree = "<group>"; };
		A6F7C77A1DCD60B600EE602A /* Base */ = {isa = PBXFileReference; lastKnownFileType = file.storyboard; name = Base; path = Base.lproj/Main.storyboard; sourceTree = "<group>"; };
		A6F7C77C1DCD60B600EE602A /* Assets.xcassets */ = {isa = PBXFileReference; lastKnownFileType = folder.assetcatalog; path = Assets.xcassets; sourceTree = "<group>"; };
		A6F7C77F1DCD60B600EE602A /* Base */ = {isa = PBXFileReference; lastKnownFileType = file.storyboard; name = Base; path = Base.lproj/LaunchScreen.storyboard; sourceTree = "<group>"; };
		A6F7C7811DCD60B600EE602A /* Info.plist */ = {isa = PBXFileReference; lastKnownFileType = text.plist.xml; path = Info.plist; sourceTree = "<group>"; };
		C88B1A531E6B860500CC2C2C /* CellView.swift */ = {isa = PBXFileReference; fileEncoding = 4; lastKnownFileType = sourcecode.swift; name = CellView.swift; path = "../../../CalendarTutorial-master/Part2/CalendarTutorial/CellView.swift"; sourceTree = "<group>"; };
		C88B1A541E6B860500CC2C2C /* CellView.xib */ = {isa = PBXFileReference; fileEncoding = 4; lastKnownFileType = file.xib; name = CellView.xib; path = "../../../CalendarTutorial-master/Part2/CalendarTutorial/CellView.xib"; sourceTree = "<group>"; };
		C88B1A551E6B860500CC2C2C /* CalendarViewController.swift */ = {isa = PBXFileReference; fileEncoding = 4; lastKnownFileType = sourcecode.swift; name = CalendarViewController.swift; path = "../../../CalendarTutorial-master/Part2/CalendarTutorial/CalendarViewController.swift"; sourceTree = "<group>"; };
		D9A1524F20B008AFF8F0924B /* Pods-RainMaker.release.xcconfig */ = {isa = PBXFileReference; includeInIndex = 1; lastKnownFileType = text.xcconfig; name = "Pods-RainMaker.release.xcconfig"; path = "Pods/Target Support Files/Pods-RainMaker/Pods-RainMaker.release.xcconfig"; sourceTree = "<group>"; };
		ED35417EA764FBE7C1B72BBC /* Pods-RainMaker.debug.xcconfig */ = {isa = PBXFileReference; includeInIndex = 1; lastKnownFileType = text.xcconfig; name = "Pods-RainMaker.debug.xcconfig"; path = "Pods/Target Support Files/Pods-RainMaker/Pods-RainMaker.debug.xcconfig"; sourceTree = "<group>"; };
/* End PBXFileReference section */

/* Begin PBXFrameworksBuildPhase section */
		A6F7C76F1DCD60B600EE602A /* Frameworks */ = {
			isa = PBXFrameworksBuildPhase;
			buildActionMask = 2147483647;
			files = (
				A6025DC61DFDC2E600B177FB /* MapKit.framework in Frameworks */,
				0819312B03C725C9B504EE33 /* Pods_RainMaker.framework in Frameworks */,
			);
			runOnlyForDeploymentPostprocessing = 0;
		};
/* End PBXFrameworksBuildPhase section */

/* Begin PBXGroup section */
		87259BB82C0948C1F0A0CF77 /* Pods */ = {
			isa = PBXGroup;
			children = (
				ED35417EA764FBE7C1B72BBC /* Pods-RainMaker.debug.xcconfig */,
				D9A1524F20B008AFF8F0924B /* Pods-RainMaker.release.xcconfig */,
			);
			name = Pods;
			sourceTree = "<group>";
		};
		A5EA931EDB4761ECF4DAFC1A /* Frameworks */ = {
			isa = PBXGroup;
			children = (
				A6025DC51DFDC2E600B177FB /* MapKit.framework */,
				77FD1B2542E9BACBCB95325A /* Pods_RainMaker.framework */,
			);
			name = Frameworks;
			sourceTree = "<group>";
		};
		A6F7C7691DCD60B600EE602A = {
			isa = PBXGroup;
			children = (
				A6F7C7741DCD60B600EE602A /* RainMaker */,
				A6F7C7731DCD60B600EE602A /* Products */,
				87259BB82C0948C1F0A0CF77 /* Pods */,
				A5EA931EDB4761ECF4DAFC1A /* Frameworks */,
			);
			sourceTree = "<group>";
		};
		A6F7C7731DCD60B600EE602A /* Products */ = {
			isa = PBXGroup;
			children = (
				A6F7C7721DCD60B600EE602A /* RainMaker.app */,
			);
			name = Products;
			sourceTree = "<group>";
		};
		A6F7C7741DCD60B600EE602A /* RainMaker */ = {
			isa = PBXGroup;
			children = (
				A6F7C7751DCD60B600EE602A /* AppDelegate.swift */,
				A6F7C7771DCD60B600EE602A /* ViewController.swift */,
				A6D146D61DD5336800B8813C /* ViewController2.swift */,
				A664AEE21DD6D8C20094FB53 /* ViewControllerActions.swift */,
				A6F7C7791DCD60B600EE602A /* Main.storyboard */,
				A6025DC71DFDC41100B177FB /* MapViewController.swift */,
				A6D146D81DD539F700B8813C /* Device.swift */,
				A6F7C77C1DCD60B600EE602A /* Assets.xcassets */,
				A6F7C77E1DCD60B600EE602A /* LaunchScreen.storyboard */,
				A6F7C7811DCD60B600EE602A /* Info.plist */,
				C88B1A501E6B855C00CC2C2C /* Calendar Stuff */,
			);
			path = RainMaker;
			sourceTree = "<group>";
		};
		C88B1A501E6B855C00CC2C2C /* Calendar Stuff */ = {
			isa = PBXGroup;
			children = (
				C88B1A531E6B860500CC2C2C /* CellView.swift */,
				C88B1A541E6B860500CC2C2C /* CellView.xib */,
				C88B1A551E6B860500CC2C2C /* CalendarViewController.swift */,
			);
			name = "Calendar Stuff";
			sourceTree = "<group>";
		};
/* End PBXGroup section */

/* Begin PBXNativeTarget section */
		A6F7C7711DCD60B600EE602A /* RainMaker */ = {
			isa = PBXNativeTarget;
			buildConfigurationList = A6F7C7841DCD60B600EE602A /* Build configuration list for PBXNativeTarget "RainMaker" */;
			buildPhases = (
				194BC133EF3E5250F06A75B3 /* [CP] Check Pods Manifest.lock */,
				A6F7C76E1DCD60B600EE602A /* Sources */,
				A6F7C76F1DCD60B600EE602A /* Frameworks */,
				A6F7C7701DCD60B600EE602A /* Resources */,
				D3C77CA64FFC21BAC6EC6ACA /* [CP] Embed Pods Frameworks */,
				07CECF755A4061F3430BA4E7 /* [CP] Copy Pods Resources */,
			);
			buildRules = (
			);
			dependencies = (
			);
			name = RainMaker;
			productName = RainMaker;
			productReference = A6F7C7721DCD60B600EE602A /* RainMaker.app */;
			productType = "com.apple.product-type.application";
		};
/* End PBXNativeTarget section */

/* Begin PBXProject section */
		A6F7C76A1DCD60B600EE602A /* Project object */ = {
			isa = PBXProject;
			attributes = {
				LastSwiftUpdateCheck = 0810;
				LastUpgradeCheck = 0820;
				ORGANIZATIONNAME = "Jean Piard";
				TargetAttributes = {
					A6F7C7711DCD60B600EE602A = {
						CreatedOnToolsVersion = 8.1;
						DevelopmentTeam = LX27LWZE7D;
						ProvisioningStyle = Automatic;
					};
				};
			};
			buildConfigurationList = A6F7C76D1DCD60B600EE602A /* Build configuration list for PBXProject "RainMaker" */;
			compatibilityVersion = "Xcode 3.2";
			developmentRegion = English;
			hasScannedForEncodings = 0;
			knownRegions = (
				en,
				Base,
			);
			mainGroup = A6F7C7691DCD60B600EE602A;
			productRefGroup = A6F7C7731DCD60B600EE602A /* Products */;
			projectDirPath = "";
			projectRoot = "";
			targets = (
				A6F7C7711DCD60B600EE602A /* RainMaker */,
			);
		};
/* End PBXProject section */

/* Begin PBXResourcesBuildPhase section */
		A6F7C7701DCD60B600EE602A /* Resources */ = {
			isa = PBXResourcesBuildPhase;
			buildActionMask = 2147483647;
			files = (
				C88B1A571E6B860500CC2C2C /* CellView.xib in Resources */,
				A6F7C7801DCD60B600EE602A /* LaunchScreen.storyboard in Resources */,
				A6F7C77D1DCD60B600EE602A /* Assets.xcassets in Resources */,
				A6F7C77B1DCD60B600EE602A /* Main.storyboard in Resources */,
			);
			runOnlyForDeploymentPostprocessing = 0;
		};
/* End PBXResourcesBuildPhase section */

/* Begin PBXShellScriptBuildPhase section */
		07CECF755A4061F3430BA4E7 /* [CP] Copy Pods Resources */ = {
			isa = PBXShellScriptBuildPhase;
			buildActionMask = 2147483647;
			files = (
			);
			inputPaths = (
			);
			name = "[CP] Copy Pods Resources";
			outputPaths = (
			);
			runOnlyForDeploymentPostprocessing = 0;
			shellPath = /bin/sh;
			shellScript = "\"${SRCROOT}/Pods/Target Support Files/Pods-RainMaker/Pods-RainMaker-resources.sh\"\n";
			showEnvVarsInLog = 0;
		};
		194BC133EF3E5250F06A75B3 /* [CP] Check Pods Manifest.lock */ = {
			isa = PBXShellScriptBuildPhase;
			buildActionMask = 2147483647;
			files = (
			);
			inputPaths = (
			);
			name = "[CP] Check Pods Manifest.lock";
			outputPaths = (
			);
			runOnlyForDeploymentPostprocessing = 0;
			shellPath = /bin/sh;
			shellScript = "diff \"${PODS_ROOT}/../Podfile.lock\" \"${PODS_ROOT}/Manifest.lock\" > /dev/null\nif [ $? != 0 ] ; then\n    # print error to STDERR\n    echo \"error: The sandbox is not in sync with the Podfile.lock. Run 'pod install' or update your CocoaPods installation.\" >&2\n    exit 1\nfi\n";
			showEnvVarsInLog = 0;
		};
		D3C77CA64FFC21BAC6EC6ACA /* [CP] Embed Pods Frameworks */ = {
			isa = PBXShellScriptBuildPhase;
			buildActionMask = 2147483647;
			files = (
			);
			inputPaths = (
			);
			name = "[CP] Embed Pods Frameworks";
			outputPaths = (
			);
			runOnlyForDeploymentPostprocessing = 0;
			shellPath = /bin/sh;
			shellScript = "\"${SRCROOT}/Pods/Target Support Files/Pods-RainMaker/Pods-RainMaker-frameworks.sh\"\n";
			showEnvVarsInLog = 0;
		};
/* End PBXShellScriptBuildPhase section */

/* Begin PBXSourcesBuildPhase section */
		A6F7C76E1DCD60B600EE602A /* Sources */ = {
			isa = PBXSourcesBuildPhase;
			buildActionMask = 2147483647;
			files = (
				A6F7C7781DCD60B600EE602A /* ViewController.swift in Sources */,
				A6025DC81DFDC41100B177FB /* MapViewController.swift in Sources */,
				A6F7C7761DCD60B600EE602A /* AppDelegate.swift in Sources */,
				C88B1A581E6B860500CC2C2C /* CalendarViewController.swift in Sources */,
				A6D146D71DD5336800B8813C /* ViewController2.swift in Sources */,
				C88B1A561E6B860500CC2C2C /* CellView.swift in Sources */,
				A664AEE31DD6D8C20094FB53 /* ViewControllerActions.swift in Sources */,
				A6D146D91DD539F700B8813C /* Device.swift in Sources */,
			);
			runOnlyForDeploymentPostprocessing = 0;
		};
/* End PBXSourcesBuildPhase section */

/* Begin PBXVariantGroup section */
		A6F7C7791DCD60B600EE602A /* Main.storyboard */ = {
			isa = PBXVariantGroup;
			children = (
				A6F7C77A1DCD60B600EE602A /* Base */,
			);
			name = Main.storyboard;
			sourceTree = "<group>";
		};
		A6F7C77E1DCD60B600EE602A /* LaunchScreen.storyboard */ = {
			isa = PBXVariantGroup;
			children = (
				A6F7C77F1DCD60B600EE602A /* Base */,
			);
			name = LaunchScreen.storyboard;
			sourceTree = "<group>";
		};
/* End PBXVariantGroup section */

/* Begin XCBuildConfiguration section */
		A6F7C7821DCD60B600EE602A /* Debug */ = {
			isa = XCBuildConfiguration;
			buildSettings = {
				ALWAYS_SEARCH_USER_PATHS = NO;
				CLANG_ANALYZER_NONNULL = YES;
				CLANG_CXX_LANGUAGE_STANDARD = "gnu++0x";
				CLANG_CXX_LIBRARY = "libc++";
				CLANG_ENABLE_MODULES = YES;
				CLANG_ENABLE_OBJC_ARC = YES;
				CLANG_WARN_BOOL_CONVERSION = YES;
				CLANG_WARN_CONSTANT_CONVERSION = YES;
				CLANG_WARN_DIRECT_OBJC_ISA_USAGE = YES_ERROR;
				CLANG_WARN_DOCUMENTATION_COMMENTS = YES;
				CLANG_WARN_EMPTY_BODY = YES;
				CLANG_WARN_ENUM_CONVERSION = YES;
				CLANG_WARN_INFINITE_RECURSION = YES;
				CLANG_WARN_INT_CONVERSION = YES;
				CLANG_WARN_OBJC_ROOT_CLASS = YES_ERROR;
				CLANG_WARN_SUSPICIOUS_MOVE = YES;
				CLANG_WARN_SUSPICIOUS_MOVES = YES;
				CLANG_WARN_UNREACHABLE_CODE = YES;
				CLANG_WARN__DUPLICATE_METHOD_MATCH = YES;
				"CODE_SIGN_IDENTITY[sdk=iphoneos*]" = "iPhone Developer";
				COPY_PHASE_STRIP = NO;
				DEBUG_INFORMATION_FORMAT = dwarf;
				ENABLE_STRICT_OBJC_MSGSEND = YES;
				ENABLE_TESTABILITY = YES;
				GCC_C_LANGUAGE_STANDARD = gnu99;
				GCC_DYNAMIC_NO_PIC = NO;
				GCC_NO_COMMON_BLOCKS = YES;
				GCC_OPTIMIZATION_LEVEL = 0;
				GCC_PREPROCESSOR_DEFINITIONS = (
					"DEBUG=1",
					"$(inherited)",
				);
				GCC_WARN_64_TO_32_BIT_CONVERSION = YES;
				GCC_WARN_ABOUT_RETURN_TYPE = YES_ERROR;
				GCC_WARN_UNDECLARED_SELECTOR = YES;
				GCC_WARN_UNINITIALIZED_AUTOS = YES_AGGRESSIVE;
				GCC_WARN_UNUSED_FUNCTION = YES;
				GCC_WARN_UNUSED_VARIABLE = YES;
				IPHONEOS_DEPLOYMENT_TARGET = 10.0;
				MTL_ENABLE_DEBUG_INFO = YES;
				ONLY_ACTIVE_ARCH = YES;
				SDKROOT = iphoneos;
				SWIFT_ACTIVE_COMPILATION_CONDITIONS = DEBUG;
				SWIFT_OBJC_BRIDGING_HEADER = "RainMaker/Bridging-Header.h";
				SWIFT_OPTIMIZATION_LEVEL = "-Onone";
				TARGETED_DEVICE_FAMILY = "1,2";
				USER_HEADER_SEARCH_PATHS = "Pods/**";
			};
			name = Debug;
		};
		A6F7C7831DCD60B600EE602A /* Release */ = {
			isa = XCBuildConfiguration;
			buildSettings = {
				ALWAYS_SEARCH_USER_PATHS = NO;
				CLANG_ANALYZER_NONNULL = YES;
				CLANG_CXX_LANGUAGE_STANDARD = "gnu++0x";
				CLANG_CXX_LIBRARY = "libc++";
				CLANG_ENABLE_MODULES = YES;
				CLANG_ENABLE_OBJC_ARC = YES;
				CLANG_WARN_BOOL_CONVERSION = YES;
				CLANG_WARN_CONSTANT_CONVERSION = YES;
				CLANG_WARN_DIRECT_OBJC_ISA_USAGE = YES_ERROR;
				CLANG_WARN_DOCUMENTATION_COMMENTS = YES;
				CLANG_WARN_EMPTY_BODY = YES;
				CLANG_WARN_ENUM_CONVERSION = YES;
				CLANG_WARN_INFINITE_RECURSION = YES;
				CLANG_WARN_INT_CONVERSION = YES;
				CLANG_WARN_OBJC_ROOT_CLASS = YES_ERROR;
				CLANG_WARN_SUSPICIOUS_MOVE = YES;
				CLANG_WARN_SUSPICIOUS_MOVES = YES;
				CLANG_WARN_UNREACHABLE_CODE = YES;
				CLANG_WARN__DUPLICATE_METHOD_MATCH = YES;
				"CODE_SIGN_IDENTITY[sdk=iphoneos*]" = "iPhone Developer";
				COPY_PHASE_STRIP = NO;
				DEBUG_INFORMATION_FORMAT = "dwarf-with-dsym";
				ENABLE_NS_ASSERTIONS = NO;
				ENABLE_STRICT_OBJC_MSGSEND = YES;
				GCC_C_LANGUAGE_STANDARD = gnu99;
				GCC_NO_COMMON_BLOCKS = YES;
				GCC_WARN_64_TO_32_BIT_CONVERSION = YES;
				GCC_WARN_ABOUT_RETURN_TYPE = YES_ERROR;
				GCC_WARN_UNDECLARED_SELECTOR = YES;
				GCC_WARN_UNINITIALIZED_AUTOS = YES_AGGRESSIVE;
				GCC_WARN_UNUSED_FUNCTION = YES;
				GCC_WARN_UNUSED_VARIABLE = YES;
				IPHONEOS_DEPLOYMENT_TARGET = 10.0;
				MTL_ENABLE_DEBUG_INFO = NO;
				SDKROOT = iphoneos;
				SWIFT_OBJC_BRIDGING_HEADER = "RainMaker/Bridging-Header.h";
				SWIFT_OPTIMIZATION_LEVEL = "-Owholemodule";
				TARGETED_DEVICE_FAMILY = "1,2";
				USER_HEADER_SEARCH_PATHS = "Pods/**";
				VALIDATE_PRODUCT = YES;
			};
			name = Release;
		};
		A6F7C7851DCD60B600EE602A /* Debug */ = {
			isa = XCBuildConfiguration;
			baseConfigurationReference = ED35417EA764FBE7C1B72BBC /* Pods-RainMaker.debug.xcconfig */;
			buildSettings = {
				ALWAYS_EMBED_SWIFT_STANDARD_LIBRARIES = YES;
				ASSETCATALOG_COMPILER_APPICON_NAME = AppIcon;
				DEVELOPMENT_TEAM = LX27LWZE7D;
				INFOPLIST_FILE = RainMaker/Info.plist;
				IPHONEOS_DEPLOYMENT_TARGET = 10.1;
				LD_RUNPATH_SEARCH_PATHS = "$(inherited) @executable_path/Frameworks";
				PRODUCT_BUNDLE_IDENTIFIER = com.Tido94.RainMaker;
				PRODUCT_NAME = "$(TARGET_NAME)";
				SWIFT_VERSION = 3.0;
			};
			name = Debug;
		};
		A6F7C7861DCD60B600EE602A /* Release */ = {
			isa = XCBuildConfiguration;
			baseConfigurationReference = D9A1524F20B008AFF8F0924B /* Pods-RainMaker.release.xcconfig */;
			buildSettings = {
				ALWAYS_EMBED_SWIFT_STANDARD_LIBRARIES = YES;
				ASSETCATALOG_COMPILER_APPICON_NAME = AppIcon;
				DEVELOPMENT_TEAM = LX27LWZE7D;
				INFOPLIST_FILE = RainMaker/Info.plist;
				IPHONEOS_DEPLOYMENT_TARGET = 10.1;
				LD_RUNPATH_SEARCH_PATHS = "$(inherited) @executable_path/Frameworks";
				PRODUCT_BUNDLE_IDENTIFIER = com.Tido94.RainMaker;
				PRODUCT_NAME = "$(TARGET_NAME)";
				SWIFT_VERSION = 3.0;
			};
			name = Release;
		};
/* End XCBuildConfiguration section */

/* Begin XCConfigurationList section */
		A6F7C76D1DCD60B600EE602A /* Build configuration list for PBXProject "RainMaker" */ = {
			isa = XCConfigurationList;
			buildConfigurations = (
				A6F7C7821DCD60B600EE602A /* Debug */,
				A6F7C7831DCD60B600EE602A /* Release */,
			);
			defaultConfigurationIsVisible = 0;
			defaultConfigurationName = Release;
		};
		A6F7C7841DCD60B600EE602A /* Build configuration list for PBXNativeTarget "RainMaker" */ = {
			isa = XCConfigurationList;
			buildConfigurations = (
				A6F7C7851DCD60B600EE602A /* Debug */,
				A6F7C7861DCD60B600EE602A /* Release */,
			);
			defaultConfigurationIsVisible = 0;
			defaultConfigurationName = Release;
		};
/* End XCConfigurationList section */
	};
	rootObject = A6F7C76A1DCD60B600EE602A /* Project object */;
}
